
Microsoft Visual Studio Solution File, Format Version 12.00
# Visual Studio 15
VisualStudioVersion = 15.0.28307.757
MinimumVisualStudioVersion = 10.0.40219.1
Project("{FAE04EC0-301F-11D3-BF4B-00C04F79EFBC}") = "BasicTestFarmer", "BasicTestFarmer\BasicTestFarmer.csproj", "{93C032B2-96BC-4BA9-8681-EEF226F614C6}"
EndProject
Global
	GlobalSection(SolutionConfigurationPlatforms) = preSolution
		Debug|Any CPU = Debug|Any CPU
		Release|Any CPU = Release|Any CPU
	EndGlobalSection
	GlobalSection(ProjectConfigurationPlatforms) = postSolution
		{93C032B2-96BC-4BA9-8681-EEF226F614C6}.Debug|Any CPU.ActiveCfg = Debug|Any CPU
		{93C032B2-96BC-4BA9-8681-EEF226F614C6}.Debug|Any CPU.Build.0 = Debug|Any CPU
		{93C032B2-96BC-4BA9-8681-EEF226F614C6}.Release|Any CPU.ActiveCfg = Release|Any CPU
		{93C032B2-96BC-4BA9-8681-EEF226F614C6}.Release|Any CPU.Build.0 = Release|Any CPU
	EndGlobalSection
	GlobalSection(SolutionProperties) = preSolution
		HideSolutionNode = FALSE
	EndGlobalSection
	GlobalSection(ExtensibilityGlobals) = postSolution
		SolutionGuid = {0A16C7D3-B06D-41E5-8B20-203FAD25C761}
	EndGlobalSection
EndGlobal
